
Microsoft Visual Studio Solution File, Format Version 12.00
# Visual Studio Version 17
VisualStudioVersion = 17.14.36915.13 d17.14
MinimumVisualStudioVersion = 10.0.40219.1
Project("{FAE04EC0-301F-11D3-BF4B-00C04F79EFBC}") = "PhoneBookWPF", "KsiazkaTel\PhoneBookWPF.csproj", "{0975E526-DA9D-44DA-A42F-11D0D8C3D359}"
EndProject
Global
	GlobalSection(SolutionConfigurationPlatforms) = preSolution
		Debug|Any CPU = Debug|Any CPU
		Release|Any CPU = Release|Any CPU
	EndGlobalSection
	GlobalSection(ProjectConfigurationPlatforms) = postSolution
		{0975E526-DA9D-44DA-A42F-11D0D8C3D359}.Debug|Any CPU.ActiveCfg = Debug|Any CPU
		{0975E526-DA9D-44DA-A42F-11D0D8C3D359}.Debug|Any CPU.Build.0 = Debug|Any CPU
		{0975E526-DA9D-44DA-A42F-11D0D8C3D359}.Release|Any CPU.ActiveCfg = Release|Any CPU
		{0975E526-DA9D-44DA-A42F-11D0D8C3D359}.Release|Any CPU.Build.0 = Release|Any CPU
	EndGlobalSection
	GlobalSection(SolutionProperties) = preSolution
		HideSolutionNode = FALSE
	EndGlobalSection
	GlobalSection(ExtensibilityGlobals) = postSolution
		SolutionGuid = {D5054E6E-AD54-4ADD-A630-4D939CAC1ADD}
	EndGlobalSection
EndGlobal
